
Microsoft Visual Studio Solution File, Format Version 12.00
# Visual Studio Version 17
VisualStudioVersion = 17.13.35931.197 d17.13
MinimumVisualStudioVersion = 10.0.40219.1
Project("{FAE04EC0-301F-11D3-BF4B-00C04F79EFBC}") = "Tourist-Agency", "Tourist-Agency\Tourist-Agency.csproj", "{C70FB548-B8B7-4DAF-8385-970EA66C567A}"
EndProject
Global
	GlobalSection(SolutionConfigurationPlatforms) = preSolution
		Debug|Any CPU = Debug|Any CPU
		Release|Any CPU = Release|Any CPU
	EndGlobalSection
	GlobalSection(ProjectConfigurationPlatforms) = postSolution
		{C70FB548-B8B7-4DAF-8385-970EA66C567A}.Debug|Any CPU.ActiveCfg = Debug|Any CPU
		{C70FB548-B8B7-4DAF-8385-970EA66C567A}.Debug|Any CPU.Build.0 = Debug|Any CPU
		{C70FB548-B8B7-4DAF-8385-970EA66C567A}.Release|Any CPU.ActiveCfg = Release|Any CPU
		{C70FB548-B8B7-4DAF-8385-970EA66C567A}.Release|Any CPU.Build.0 = Release|Any CPU
	EndGlobalSection
	GlobalSection(SolutionProperties) = preSolution
		HideSolutionNode = FALSE
	EndGlobalSection
	GlobalSection(ExtensibilityGlobals) = postSolution
		SolutionGuid = {4E5CB189-3AB7-4123-8A92-8CBEFB7065E9}
	EndGlobalSection
EndGlobal
